
Microsoft Visual Studio Solution File, Format Version 12.00
# Visual Studio Version 16
VisualStudioVersion = 16.0.30711.63
MinimumVisualStudioVersion = 10.0.40219.1
Project("{FAE04EC0-301F-11D3-BF4B-00C04F79EFBC}") = "ex21 Ghiciti numarul", "ex21 Ghiciti numarul.csproj", "{AD2992EA-6F7A-4BB8-AC2E-0FC052285272}"
EndProject
Global
	GlobalSection(SolutionConfigurationPlatforms) = preSolution
		Debug|Any CPU = Debug|Any CPU
		Release|Any CPU = Release|Any CPU
	EndGlobalSection
	GlobalSection(ProjectConfigurationPlatforms) = postSolution
		{AD2992EA-6F7A-4BB8-AC2E-0FC052285272}.Debug|Any CPU.ActiveCfg = Debug|Any CPU
		{AD2992EA-6F7A-4BB8-AC2E-0FC052285272}.Debug|Any CPU.Build.0 = Debug|Any CPU
		{AD2992EA-6F7A-4BB8-AC2E-0FC052285272}.Release|Any CPU.ActiveCfg = Release|Any CPU
		{AD2992EA-6F7A-4BB8-AC2E-0FC052285272}.Release|Any CPU.Build.0 = Release|Any CPU
	EndGlobalSection
	GlobalSection(SolutionProperties) = preSolution
		HideSolutionNode = FALSE
	EndGlobalSection
	GlobalSection(ExtensibilityGlobals) = postSolution
		SolutionGuid = {2167B345-6874-4EDA-8D22-5F36C81DD7F5}
	EndGlobalSection
EndGlobal
