
Microsoft Visual Studio Solution File, Format Version 12.00
# Visual Studio Version 16
VisualStudioVersion = 16.0.30711.63
MinimumVisualStudioVersion = 10.0.40219.1
Project("{FAE04EC0-301F-11D3-BF4B-00C04F79EFBC}") = "ex17 cmmdc si cmmmc", "ex17 cmmdc si cmmmc.csproj", "{254B2F93-0CE8-4AD4-AFE9-4120DA311DD5}"
EndProject
Global
	GlobalSection(SolutionConfigurationPlatforms) = preSolution
		Debug|Any CPU = Debug|Any CPU
		Release|Any CPU = Release|Any CPU
	EndGlobalSection
	GlobalSection(ProjectConfigurationPlatforms) = postSolution
		{254B2F93-0CE8-4AD4-AFE9-4120DA311DD5}.Debug|Any CPU.ActiveCfg = Debug|Any CPU
		{254B2F93-0CE8-4AD4-AFE9-4120DA311DD5}.Debug|Any CPU.Build.0 = Debug|Any CPU
		{254B2F93-0CE8-4AD4-AFE9-4120DA311DD5}.Release|Any CPU.ActiveCfg = Release|Any CPU
		{254B2F93-0CE8-4AD4-AFE9-4120DA311DD5}.Release|Any CPU.Build.0 = Release|Any CPU
	EndGlobalSection
	GlobalSection(SolutionProperties) = preSolution
		HideSolutionNode = FALSE
	EndGlobalSection
	GlobalSection(ExtensibilityGlobals) = postSolution
		SolutionGuid = {0CAF7EC9-6C9B-4DFE-945E-9AB540413472}
	EndGlobalSection
EndGlobal
