
Microsoft Visual Studio Solution File, Format Version 12.00
# Visual Studio Version 16
VisualStudioVersion = 16.0.30711.63
MinimumVisualStudioVersion = 10.0.40219.1
Project("{FAE04EC0-301F-11D3-BF4B-00C04F79EFBC}") = "ex4 An Y bisect", "ex4 An Y bisect.csproj", "{E8EC07EC-E7AE-419A-8D99-FCF59A37A1B3}"
EndProject
Global
	GlobalSection(SolutionConfigurationPlatforms) = preSolution
		Debug|Any CPU = Debug|Any CPU
		Release|Any CPU = Release|Any CPU
	EndGlobalSection
	GlobalSection(ProjectConfigurationPlatforms) = postSolution
		{E8EC07EC-E7AE-419A-8D99-FCF59A37A1B3}.Debug|Any CPU.ActiveCfg = Debug|Any CPU
		{E8EC07EC-E7AE-419A-8D99-FCF59A37A1B3}.Debug|Any CPU.Build.0 = Debug|Any CPU
		{E8EC07EC-E7AE-419A-8D99-FCF59A37A1B3}.Release|Any CPU.ActiveCfg = Release|Any CPU
		{E8EC07EC-E7AE-419A-8D99-FCF59A37A1B3}.Release|Any CPU.Build.0 = Release|Any CPU
	EndGlobalSection
	GlobalSection(SolutionProperties) = preSolution
		HideSolutionNode = FALSE
	EndGlobalSection
	GlobalSection(ExtensibilityGlobals) = postSolution
		SolutionGuid = {E29B897B-81B3-461F-B26F-A1BDB100581B}
	EndGlobalSection
EndGlobal
