
Microsoft Visual Studio Solution File, Format Version 12.00
# Visual Studio Version 16
VisualStudioVersion = 16.0.30711.63
MinimumVisualStudioVersion = 10.0.40219.1
Project("{FAE04EC0-301F-11D3-BF4B-00C04F79EFBC}") = "ex5 afisati a K-cifra", "ex5 afisati a K-cifra.csproj", "{C67662BF-28D5-4225-92B6-C7DF87C6BF2B}"
EndProject
Global
	GlobalSection(SolutionConfigurationPlatforms) = preSolution
		Debug|Any CPU = Debug|Any CPU
		Release|Any CPU = Release|Any CPU
	EndGlobalSection
	GlobalSection(ProjectConfigurationPlatforms) = postSolution
		{C67662BF-28D5-4225-92B6-C7DF87C6BF2B}.Debug|Any CPU.ActiveCfg = Debug|Any CPU
		{C67662BF-28D5-4225-92B6-C7DF87C6BF2B}.Debug|Any CPU.Build.0 = Debug|Any CPU
		{C67662BF-28D5-4225-92B6-C7DF87C6BF2B}.Release|Any CPU.ActiveCfg = Release|Any CPU
		{C67662BF-28D5-4225-92B6-C7DF87C6BF2B}.Release|Any CPU.Build.0 = Release|Any CPU
	EndGlobalSection
	GlobalSection(SolutionProperties) = preSolution
		HideSolutionNode = FALSE
	EndGlobalSection
	GlobalSection(ExtensibilityGlobals) = postSolution
		SolutionGuid = {A45F5BB3-1AF6-4EE1-B506-A63EF6547673}
	EndGlobalSection
EndGlobal
