
Microsoft Visual Studio Solution File, Format Version 12.00
# Visual Studio Version 16
VisualStudioVersion = 16.0.30711.63
MinimumVisualStudioVersion = 10.0.40219.1
Project("{FAE04EC0-301F-11D3-BF4B-00C04F79EFBC}") = "ex7 swap a si b", "ex7 swap a si b.csproj", "{0A816BD7-C1DA-4102-AC3A-ECC8E0A1E1B8}"
EndProject
Global
	GlobalSection(SolutionConfigurationPlatforms) = preSolution
		Debug|Any CPU = Debug|Any CPU
		Release|Any CPU = Release|Any CPU
	EndGlobalSection
	GlobalSection(ProjectConfigurationPlatforms) = postSolution
		{0A816BD7-C1DA-4102-AC3A-ECC8E0A1E1B8}.Debug|Any CPU.ActiveCfg = Debug|Any CPU
		{0A816BD7-C1DA-4102-AC3A-ECC8E0A1E1B8}.Debug|Any CPU.Build.0 = Debug|Any CPU
		{0A816BD7-C1DA-4102-AC3A-ECC8E0A1E1B8}.Release|Any CPU.ActiveCfg = Release|Any CPU
		{0A816BD7-C1DA-4102-AC3A-ECC8E0A1E1B8}.Release|Any CPU.Build.0 = Release|Any CPU
	EndGlobalSection
	GlobalSection(SolutionProperties) = preSolution
		HideSolutionNode = FALSE
	EndGlobalSection
	GlobalSection(ExtensibilityGlobals) = postSolution
		SolutionGuid = {7636927E-F820-478D-9243-95457AA8C51C}
	EndGlobalSection
EndGlobal
